
Microsoft Visual Studio Solution File, Format Version 12.00
Project("{2150E333-8FDC-42A3-9474-1A3956D46DE8}") = "Identity ", "Identity ", "{E2976566-31D7-4428-969C-278CBAD31AB2}"
EndProject
Project("{FAE04EC0-301F-11D3-BF4B-00C04F79EFBC}") = "Identity.Domain", "Identity\Identity.Domain\Identity.Domain.csproj", "{95C4F2DA-DB1A-48C7-AA00-17A6D65E146E}"
EndProject
Project("{FAE04EC0-301F-11D3-BF4B-00C04F79EFBC}") = "Identity.Application", "Identity\Identity.Application\Identity.Application.csproj", "{74B67DC6-1450-4D27-98A7-312263382F14}"
EndProject
Project("{FAE04EC0-301F-11D3-BF4B-00C04F79EFBC}") = "Identity.Infrastructure", "Identity\Identity.Infrastructure\Identity.Infrastructure.csproj", "{9D3F769C-12ED-4F26-9758-435BF87D5257}"
EndProject
Project("{FAE04EC0-301F-11D3-BF4B-00C04F79EFBC}") = "Identity.API", "Identity\Identity.API\Identity.API.csproj", "{BDB1EE48-3624-40B8-8038-2F96E4CB2629}"
EndProject
Project("{2150E333-8FDC-42A3-9474-1A3956D46DE8}") = "Tasks", "Tasks", "{7C5EF162-977D-4E8B-B998-7EF0B29ACEB7}"
EndProject
Project("{FAE04EC0-301F-11D3-BF4B-00C04F79EFBC}") = "Tasks.Domen", "Tasks\Tasks.Domen\Tasks.Domen.csproj", "{65D6B9D0-673A-4E50-A85A-18F9539B89CE}"
EndProject
Project("{FAE04EC0-301F-11D3-BF4B-00C04F79EFBC}") = "Tasks.Application", "Tasks\Tasks.Application\Tasks.Application.csproj", "{966EB60C-5107-4F0D-B82B-269B52FE5823}"
EndProject
Project("{FAE04EC0-301F-11D3-BF4B-00C04F79EFBC}") = "Tasks.Infrastructure", "Tasks\Tasks.Infrastructure\Tasks.Infrastructure.csproj", "{57754628-8B58-47E1-85D3-A8543BCC0DF8}"
EndProject
Project("{FAE04EC0-301F-11D3-BF4B-00C04F79EFBC}") = "Tasks.API", "Tasks\Tasks.API\Tasks.API.csproj", "{C7D2A5CE-9069-470A-AC68-C8BB05CCE4A8}"
EndProject
Project("{2150E333-8FDC-42A3-9474-1A3956D46DE8}") = "Notification", "Notification", "{3601CAA6-60BC-42D4-A600-2638883B2987}"
EndProject
Project("{FAE04EC0-301F-11D3-BF4B-00C04F79EFBC}") = "Notification.API", "Notification\Notification.API\Notification.API.csproj", "{30398EA3-3521-42B0-937C-57B242576B72}"
EndProject
Project("{FAE04EC0-301F-11D3-BF4B-00C04F79EFBC}") = "Notification.Domen", "Notification\Notification.Domen\Notification.Domen.csproj", "{0E89DC07-6D64-4280-A95D-03E48C0B1708}"
EndProject
Project("{FAE04EC0-301F-11D3-BF4B-00C04F79EFBC}") = "Notification.Application", "Notification\Notification.Application\Notification.Application.csproj", "{BA27D94F-DB6A-4A92-A2E0-2649F45933B1}"
EndProject
Project("{FAE04EC0-301F-11D3-BF4B-00C04F79EFBC}") = "Notification.Infrastructure", "Notification\Notification.Infrastructure\Notification.Infrastructure.csproj", "{5C6912C7-2F4D-4492-9C4F-E2B275CDC8E2}"
EndProject
Project("{2150E333-8FDC-42A3-9474-1A3956D46DE8}") = "Gateway", "Gateway", "{1DF1C25E-7B97-4E21-85B1-3609DBE1BE9D}"
EndProject
Project("{FAE04EC0-301F-11D3-BF4B-00C04F79EFBC}") = "Gateway.API", "Gateway\Gateway.API\Gateway.API.csproj", "{9EB4EA9E-7E3A-492C-8D3C-AA125ADB9E90}"
EndProject
Project("{FAE04EC0-301F-11D3-BF4B-00C04F79EFBC}") = "SharedContracts", "SharedContracts\SharedContracts.csproj", "{DB90620C-D5EE-4436-842C-27DAA1E3DBDE}"
EndProject
Global
	GlobalSection(SolutionConfigurationPlatforms) = preSolution
		Debug|Any CPU = Debug|Any CPU
		Release|Any CPU = Release|Any CPU
	EndGlobalSection
	GlobalSection(ProjectConfigurationPlatforms) = postSolution
		{653DE1B7-EDED-4B99-9DB2-214D0C21B169}.Debug|Any CPU.ActiveCfg = Debug|Any CPU
		{653DE1B7-EDED-4B99-9DB2-214D0C21B169}.Debug|Any CPU.Build.0 = Debug|Any CPU
		{653DE1B7-EDED-4B99-9DB2-214D0C21B169}.Release|Any CPU.ActiveCfg = Release|Any CPU
		{653DE1B7-EDED-4B99-9DB2-214D0C21B169}.Release|Any CPU.Build.0 = Release|Any CPU
		{95C4F2DA-DB1A-48C7-AA00-17A6D65E146E}.Debug|Any CPU.ActiveCfg = Debug|Any CPU
		{95C4F2DA-DB1A-48C7-AA00-17A6D65E146E}.Debug|Any CPU.Build.0 = Debug|Any CPU
		{95C4F2DA-DB1A-48C7-AA00-17A6D65E146E}.Release|Any CPU.ActiveCfg = Release|Any CPU
		{95C4F2DA-DB1A-48C7-AA00-17A6D65E146E}.Release|Any CPU.Build.0 = Release|Any CPU
		{74B67DC6-1450-4D27-98A7-312263382F14}.Debug|Any CPU.ActiveCfg = Debug|Any CPU
		{74B67DC6-1450-4D27-98A7-312263382F14}.Debug|Any CPU.Build.0 = Debug|Any CPU
		{74B67DC6-1450-4D27-98A7-312263382F14}.Release|Any CPU.ActiveCfg = Release|Any CPU
		{74B67DC6-1450-4D27-98A7-312263382F14}.Release|Any CPU.Build.0 = Release|Any CPU
		{9D3F769C-12ED-4F26-9758-435BF87D5257}.Debug|Any CPU.ActiveCfg = Debug|Any CPU
		{9D3F769C-12ED-4F26-9758-435BF87D5257}.Debug|Any CPU.Build.0 = Debug|Any CPU
		{9D3F769C-12ED-4F26-9758-435BF87D5257}.Release|Any CPU.ActiveCfg = Release|Any CPU
		{9D3F769C-12ED-4F26-9758-435BF87D5257}.Release|Any CPU.Build.0 = Release|Any CPU
		{BDB1EE48-3624-40B8-8038-2F96E4CB2629}.Debug|Any CPU.ActiveCfg = Debug|Any CPU
		{BDB1EE48-3624-40B8-8038-2F96E4CB2629}.Debug|Any CPU.Build.0 = Debug|Any CPU
		{BDB1EE48-3624-40B8-8038-2F96E4CB2629}.Release|Any CPU.ActiveCfg = Release|Any CPU
		{BDB1EE48-3624-40B8-8038-2F96E4CB2629}.Release|Any CPU.Build.0 = Release|Any CPU
		{65D6B9D0-673A-4E50-A85A-18F9539B89CE}.Debug|Any CPU.ActiveCfg = Debug|Any CPU
		{65D6B9D0-673A-4E50-A85A-18F9539B89CE}.Debug|Any CPU.Build.0 = Debug|Any CPU
		{65D6B9D0-673A-4E50-A85A-18F9539B89CE}.Release|Any CPU.ActiveCfg = Release|Any CPU
		{65D6B9D0-673A-4E50-A85A-18F9539B89CE}.Release|Any CPU.Build.0 = Release|Any CPU
		{966EB60C-5107-4F0D-B82B-269B52FE5823}.Debug|Any CPU.ActiveCfg = Debug|Any CPU
		{966EB60C-5107-4F0D-B82B-269B52FE5823}.Debug|Any CPU.Build.0 = Debug|Any CPU
		{966EB60C-5107-4F0D-B82B-269B52FE5823}.Release|Any CPU.ActiveCfg = Release|Any CPU
		{966EB60C-5107-4F0D-B82B-269B52FE5823}.Release|Any CPU.Build.0 = Release|Any CPU
		{57754628-8B58-47E1-85D3-A8543BCC0DF8}.Debug|Any CPU.ActiveCfg = Debug|Any CPU
		{57754628-8B58-47E1-85D3-A8543BCC0DF8}.Debug|Any CPU.Build.0 = Debug|Any CPU
		{57754628-8B58-47E1-85D3-A8543BCC0DF8}.Release|Any CPU.ActiveCfg = Release|Any CPU
		{57754628-8B58-47E1-85D3-A8543BCC0DF8}.Release|Any CPU.Build.0 = Release|Any CPU
		{C7D2A5CE-9069-470A-AC68-C8BB05CCE4A8}.Debug|Any CPU.ActiveCfg = Debug|Any CPU
		{C7D2A5CE-9069-470A-AC68-C8BB05CCE4A8}.Debug|Any CPU.Build.0 = Debug|Any CPU
		{C7D2A5CE-9069-470A-AC68-C8BB05CCE4A8}.Release|Any CPU.ActiveCfg = Release|Any CPU
		{C7D2A5CE-9069-470A-AC68-C8BB05CCE4A8}.Release|Any CPU.Build.0 = Release|Any CPU
		{30398EA3-3521-42B0-937C-57B242576B72}.Debug|Any CPU.ActiveCfg = Debug|Any CPU
		{30398EA3-3521-42B0-937C-57B242576B72}.Debug|Any CPU.Build.0 = Debug|Any CPU
		{30398EA3-3521-42B0-937C-57B242576B72}.Release|Any CPU.ActiveCfg = Release|Any CPU
		{30398EA3-3521-42B0-937C-57B242576B72}.Release|Any CPU.Build.0 = Release|Any CPU
		{0E89DC07-6D64-4280-A95D-03E48C0B1708}.Debug|Any CPU.ActiveCfg = Debug|Any CPU
		{0E89DC07-6D64-4280-A95D-03E48C0B1708}.Debug|Any CPU.Build.0 = Debug|Any CPU
		{0E89DC07-6D64-4280-A95D-03E48C0B1708}.Release|Any CPU.ActiveCfg = Release|Any CPU
		{0E89DC07-6D64-4280-A95D-03E48C0B1708}.Release|Any CPU.Build.0 = Release|Any CPU
		{BA27D94F-DB6A-4A92-A2E0-2649F45933B1}.Debug|Any CPU.ActiveCfg = Debug|Any CPU
		{BA27D94F-DB6A-4A92-A2E0-2649F45933B1}.Debug|Any CPU.Build.0 = Debug|Any CPU
		{BA27D94F-DB6A-4A92-A2E0-2649F45933B1}.Release|Any CPU.ActiveCfg = Release|Any CPU
		{BA27D94F-DB6A-4A92-A2E0-2649F45933B1}.Release|Any CPU.Build.0 = Release|Any CPU
		{5C6912C7-2F4D-4492-9C4F-E2B275CDC8E2}.Debug|Any CPU.ActiveCfg = Debug|Any CPU
		{5C6912C7-2F4D-4492-9C4F-E2B275CDC8E2}.Debug|Any CPU.Build.0 = Debug|Any CPU
		{5C6912C7-2F4D-4492-9C4F-E2B275CDC8E2}.Release|Any CPU.ActiveCfg = Release|Any CPU
		{5C6912C7-2F4D-4492-9C4F-E2B275CDC8E2}.Release|Any CPU.Build.0 = Release|Any CPU
		{9EB4EA9E-7E3A-492C-8D3C-AA125ADB9E90}.Debug|Any CPU.ActiveCfg = Debug|Any CPU
		{9EB4EA9E-7E3A-492C-8D3C-AA125ADB9E90}.Debug|Any CPU.Build.0 = Debug|Any CPU
		{9EB4EA9E-7E3A-492C-8D3C-AA125ADB9E90}.Release|Any CPU.ActiveCfg = Release|Any CPU
		{9EB4EA9E-7E3A-492C-8D3C-AA125ADB9E90}.Release|Any CPU.Build.0 = Release|Any CPU
		{DB90620C-D5EE-4436-842C-27DAA1E3DBDE}.Debug|Any CPU.ActiveCfg = Debug|Any CPU
		{DB90620C-D5EE-4436-842C-27DAA1E3DBDE}.Debug|Any CPU.Build.0 = Debug|Any CPU
		{DB90620C-D5EE-4436-842C-27DAA1E3DBDE}.Release|Any CPU.ActiveCfg = Release|Any CPU
		{DB90620C-D5EE-4436-842C-27DAA1E3DBDE}.Release|Any CPU.Build.0 = Release|Any CPU
	EndGlobalSection
	GlobalSection(NestedProjects) = preSolution
		{95C4F2DA-DB1A-48C7-AA00-17A6D65E146E} = {E2976566-31D7-4428-969C-278CBAD31AB2}
		{74B67DC6-1450-4D27-98A7-312263382F14} = {E2976566-31D7-4428-969C-278CBAD31AB2}
		{9D3F769C-12ED-4F26-9758-435BF87D5257} = {E2976566-31D7-4428-969C-278CBAD31AB2}
		{BDB1EE48-3624-40B8-8038-2F96E4CB2629} = {E2976566-31D7-4428-969C-278CBAD31AB2}
		{65D6B9D0-673A-4E50-A85A-18F9539B89CE} = {7C5EF162-977D-4E8B-B998-7EF0B29ACEB7}
		{966EB60C-5107-4F0D-B82B-269B52FE5823} = {7C5EF162-977D-4E8B-B998-7EF0B29ACEB7}
		{57754628-8B58-47E1-85D3-A8543BCC0DF8} = {7C5EF162-977D-4E8B-B998-7EF0B29ACEB7}
		{C7D2A5CE-9069-470A-AC68-C8BB05CCE4A8} = {7C5EF162-977D-4E8B-B998-7EF0B29ACEB7}
		{30398EA3-3521-42B0-937C-57B242576B72} = {3601CAA6-60BC-42D4-A600-2638883B2987}
		{0E89DC07-6D64-4280-A95D-03E48C0B1708} = {3601CAA6-60BC-42D4-A600-2638883B2987}
		{BA27D94F-DB6A-4A92-A2E0-2649F45933B1} = {3601CAA6-60BC-42D4-A600-2638883B2987}
		{5C6912C7-2F4D-4492-9C4F-E2B275CDC8E2} = {3601CAA6-60BC-42D4-A600-2638883B2987}
		{9EB4EA9E-7E3A-492C-8D3C-AA125ADB9E90} = {1DF1C25E-7B97-4E21-85B1-3609DBE1BE9D}
	EndGlobalSection
EndGlobal
